
Microsoft Visual Studio Solution File, Format Version 12.00
# Visual Studio Version 16
VisualStudioVersion = 16.0.31911.196
MinimumVisualStudioVersion = 10.0.40219.1
Project("{9A19103F-16F7-4668-BE54-9A1E7A4F7556}") = "WebApplication", "WebApplication\WebApplication.csproj", "{CBD0D2A0-0562-4F23-85CE-CECE111062B9}"
EndProject
Project("{9A19103F-16F7-4668-BE54-9A1E7A4F7556}") = "Services", "Services\Services.csproj", "{DA6D2985-A737-4D18-8B6C-89C58F07A6C6}"
EndProject
Project("{9A19103F-16F7-4668-BE54-9A1E7A4F7556}") = "Domain", "Domain\Domain.csproj", "{907ECF58-A7CF-468C-99C2-683CAA0FA9E7}"
EndProject
Global
	GlobalSection(SolutionConfigurationPlatforms) = preSolution
		Debug|Any CPU = Debug|Any CPU
		Release|Any CPU = Release|Any CPU
	EndGlobalSection
	GlobalSection(ProjectConfigurationPlatforms) = postSolution
		{CBD0D2A0-0562-4F23-85CE-CECE111062B9}.Debug|Any CPU.ActiveCfg = Debug|Any CPU
		{CBD0D2A0-0562-4F23-85CE-CECE111062B9}.Debug|Any CPU.Build.0 = Debug|Any CPU
		{CBD0D2A0-0562-4F23-85CE-CECE111062B9}.Release|Any CPU.ActiveCfg = Release|Any CPU
		{CBD0D2A0-0562-4F23-85CE-CECE111062B9}.Release|Any CPU.Build.0 = Release|Any CPU
		{DA6D2985-A737-4D18-8B6C-89C58F07A6C6}.Debug|Any CPU.ActiveCfg = Debug|Any CPU
		{DA6D2985-A737-4D18-8B6C-89C58F07A6C6}.Debug|Any CPU.Build.0 = Debug|Any CPU
		{DA6D2985-A737-4D18-8B6C-89C58F07A6C6}.Release|Any CPU.ActiveCfg = Release|Any CPU
		{DA6D2985-A737-4D18-8B6C-89C58F07A6C6}.Release|Any CPU.Build.0 = Release|Any CPU
		{907ECF58-A7CF-468C-99C2-683CAA0FA9E7}.Debug|Any CPU.ActiveCfg = Debug|Any CPU
		{907ECF58-A7CF-468C-99C2-683CAA0FA9E7}.Debug|Any CPU.Build.0 = Debug|Any CPU
		{907ECF58-A7CF-468C-99C2-683CAA0FA9E7}.Release|Any CPU.ActiveCfg = Release|Any CPU
		{907ECF58-A7CF-468C-99C2-683CAA0FA9E7}.Release|Any CPU.Build.0 = Release|Any CPU
	EndGlobalSection
	GlobalSection(SolutionProperties) = preSolution
		HideSolutionNode = FALSE
	EndGlobalSection
	GlobalSection(ExtensibilityGlobals) = postSolution
		SolutionGuid = {4641B8A3-61B3-40E6-8651-78E7FE5599AE}
	EndGlobalSection
EndGlobal
